{
  "name": "airtime-scanner",
  "version": "0.0.1",
  "lockfileVersion": 2,
  "requires": true,
  "packages": {
    "": {
      "name": "airtime-scanner",
      "version": "0.0.1",
      "dependencies": {
        "@capacitor/app": "^4.1.1"
      }
    }
  },
  "dependencies": {
    "@capacitor/app": {
      "version": "4.1.1",
      "resolved": "https://registry.npmjs.org/@capacitor/app/-/app-4.1.1.tgz",
      "integrity": "sha512-+yG8gVCZDNefmfzzZP9T6sXZcL8rDwzz4Vw7f7OeM2WlqxXsvRBmi1oSRSLAEEAFErG2APj0Gu8ivZzGw7hwlA=="
    }
  }
}